
Microsoft Visual Studio Solution File, Format Version 12.00
# Visual Studio Version 17
VisualStudioVersion = 17.11.35219.272
MinimumVisualStudioVersion = 10.0.40219.1
Project("{FAE04EC0-301F-11D3-BF4B-00C04F79EFBC}") = "KinoDev.EmailService.WebApi", "KinoDev.EmailService.WebApi.csproj", "{9EE37BC9-6541-4DA8-9695-A837C0DDC227}"
EndProject
Global
	GlobalSection(SolutionConfigurationPlatforms) = preSolution
		Debug|Any CPU = Debug|Any CPU
		Release|Any CPU = Release|Any CPU
	EndGlobalSection
	GlobalSection(ProjectConfigurationPlatforms) = postSolution
		{9EE37BC9-6541-4DA8-9695-A837C0DDC227}.Debug|Any CPU.ActiveCfg = Debug|Any CPU
		{9EE37BC9-6541-4DA8-9695-A837C0DDC227}.Debug|Any CPU.Build.0 = Debug|Any CPU
		{9EE37BC9-6541-4DA8-9695-A837C0DDC227}.Release|Any CPU.ActiveCfg = Release|Any CPU
		{9EE37BC9-6541-4DA8-9695-A837C0DDC227}.Release|Any CPU.Build.0 = Release|Any CPU
	EndGlobalSection
	GlobalSection(SolutionProperties) = preSolution
		HideSolutionNode = FALSE
	EndGlobalSection
	GlobalSection(ExtensibilityGlobals) = postSolution
		SolutionGuid = {D38C0B83-3D08-49D8-A87D-FDABEA0A3819}
	EndGlobalSection
EndGlobal
